
Microsoft Visual Studio Solution File, Format Version 12.00
# Visual Studio Version 16
VisualStudioVersion = 16.0.29215.179
MinimumVisualStudioVersion = 10.0.40219.1
Project("{FAE04EC0-301F-11D3-BF4B-00C04F79EFBC}") = "ejercicio 2", "ejercicio 2\ejercicio 2.csproj", "{6F9E0D30-00C8-418A-B224-75C185E77A95}"
EndProject
Global
	GlobalSection(SolutionConfigurationPlatforms) = preSolution
		Debug|Any CPU = Debug|Any CPU
		Release|Any CPU = Release|Any CPU
	EndGlobalSection
	GlobalSection(ProjectConfigurationPlatforms) = postSolution
		{6F9E0D30-00C8-418A-B224-75C185E77A95}.Debug|Any CPU.ActiveCfg = Debug|Any CPU
		{6F9E0D30-00C8-418A-B224-75C185E77A95}.Debug|Any CPU.Build.0 = Debug|Any CPU
		{6F9E0D30-00C8-418A-B224-75C185E77A95}.Release|Any CPU.ActiveCfg = Release|Any CPU
		{6F9E0D30-00C8-418A-B224-75C185E77A95}.Release|Any CPU.Build.0 = Release|Any CPU
	EndGlobalSection
	GlobalSection(SolutionProperties) = preSolution
		HideSolutionNode = FALSE
	EndGlobalSection
	GlobalSection(ExtensibilityGlobals) = postSolution
		SolutionGuid = {5081278E-04B1-4FF1-9C75-FE3AA1668D32}
	EndGlobalSection
EndGlobal
